// !$*UTF8*$!
{
	archiveVersion = 1;
	classes = {
	};
	objectVersion = 50;
	objects = {

/* Begin PBXBuildFile section */
		3637C66E208EC1AE0002B703 /* AppDelegate.swift in Sources */ = {isa = PBXBuildFile; fileRef = 3637C66D208EC1AE0002B703 /* AppDelegate.swift */; };
		3637C670208EC1AE0002B703 /* ViewController.swift in Sources */ = {isa = PBXBuildFile; fileRef = 3637C66F208EC1AE0002B703 /* ViewController.swift */; };
		3637C673208EC1AE0002B703 /* Main.storyboard in Resources */ = {isa = PBXBuildFile; fileRef = 3637C671208EC1AE0002B703 /* Main.storyboard */; };
		3637C675208EC1B00002B703 /* Assets.xcassets in Resources */ = {isa = PBXBuildFile; fileRef = 3637C674208EC1B00002B703 /* Assets.xcassets */; };
		3637C678208EC1B00002B703 /* LaunchScreen.storyboard in Resources */ = {isa = PBXBuildFile; fileRef = 3637C676208EC1B00002B703 /* LaunchScreen.storyboard */; };
		3637C683208EC1B10002B703 /* ApplePieTests.swift in Sources */ = {isa = PBXBuildFile; fileRef = 3637C682208EC1B10002B703 /* ApplePieTests.swift */; };
		3637C68E208EC1B10002B703 /* ApplePieUITests.swift in Sources */ = {isa = PBXBuildFile; fileRef = 3637C68D208EC1B10002B703 /* ApplePieUITests.swift */; };
		3637C69E208EC33F0002B703 /* Tree 0.png in Resources */ = {isa = PBXBuildFile; fileRef = 3637C69D208EC33F0002B703 /* Tree 0.png */; };
		3637C6A6208EC4E30002B703 /* Tree 3.png in Resources */ = {isa = PBXBuildFile; fileRef = 3637C69F208EC4E10002B703 /* Tree 3.png */; };
		3637C6A7208EC4E30002B703 /* Tree 7.png in Resources */ = {isa = PBXBuildFile; fileRef = 3637C6A0208EC4E10002B703 /* Tree 7.png */; };
		3637C6A8208EC4E30002B703 /* Tree 6.png in Resources */ = {isa = PBXBuildFile; fileRef = 3637C6A1208EC4E10002B703 /* Tree 6.png */; };
		3637C6A9208EC4E30002B703 /* Tree 4.png in Resources */ = {isa = PBXBuildFile; fileRef = 3637C6A2208EC4E20002B703 /* Tree 4.png */; };
		3637C6AA208EC4E30002B703 /* Tree 2.png in Resources */ = {isa = PBXBuildFile; fileRef = 3637C6A3208EC4E20002B703 /* Tree 2.png */; };
		3637C6AB208EC4E30002B703 /* Tree 5.png in Resources */ = {isa = PBXBuildFile; fileRef = 3637C6A4208EC4E20002B703 /* Tree 5.png */; };
		3637C6AC208EC4E30002B703 /* Tree 1.png in Resources */ = {isa = PBXBuildFile; fileRef = 3637C6A5208EC4E30002B703 /* Tree 1.png */; };
		3637C6AE208EE7BC0002B703 /* Game.swift in Sources */ = {isa = PBXBuildFile; fileRef = 3637C6AD208EE7BC0002B703 /* Game.swift */; };
/* End PBXBuildFile section */

/* Begin PBXContainerItemProxy section */
		3637C67F208EC1B10002B703 /* PBXContainerItemProxy */ = {
			isa = PBXContainerItemProxy;
			containerPortal = 3637C662208EC1AE0002B703 /* Project object */;
			proxyType = 1;
			remoteGlobalIDString = 3637C669208EC1AE0002B703;
			remoteInfo = ApplePie;
		};
		3637C68A208EC1B10002B703 /* PBXContainerItemProxy */ = {
			isa = PBXContainerItemProxy;
			containerPortal = 3637C662208EC1AE0002B703 /* Project object */;
			proxyType = 1;
			remoteGlobalIDString = 3637C669208EC1AE0002B703;
			remoteInfo = ApplePie;
		};
/* End PBXContainerItemProxy section */

/* Begin PBXFileReference section */
		3637C66A208EC1AE0002B703 /* ApplePie.app */ = {isa = PBXFileReference; explicitFileType = wrapper.application; includeInIndex = 0; path = ApplePie.app; sourceTree = BUILT_PRODUCTS_DIR; };
		3637C66D208EC1AE0002B703 /* AppDelegate.swift */ = {isa = PBXFileReference; lastKnownFileType = sourcecode.swift; path = AppDelegate.swift; sourceTree = "<group>"; };
		3637C66F208EC1AE0002B703 /* ViewController.swift */ = {isa = PBXFileReference; lastKnownFileType = sourcecode.swift; path = ViewController.swift; sourceTree = "<group>"; };
		3637C672208EC1AE0002B703 /* Base */ = {isa = PBXFileReference; lastKnownFileType = file.storyboard; name = Base; path = Base.lproj/Main.storyboard; sourceTree = "<group>"; };
		3637C674208EC1B00002B703 /* Assets.xcassets */ = {isa = PBXFileReference; lastKnownFileType = folder.assetcatalog; path = Assets.xcassets; sourceTree = "<group>"; };
		3637C677208EC1B00002B703 /* Base */ = {isa = PBXFileReference; lastKnownFileType = file.storyboard; name = Base; path = Base.lproj/LaunchScreen.storyboard; sourceTree = "<group>"; };
		3637C679208EC1B00002B703 /* Info.plist */ = {isa = PBXFileReference; lastKnownFileType = text.plist.xml; path = Info.plist; sourceTree = "<group>"; };
		3637C67E208EC1B10002B703 /* ApplePieTests.xctest */ = {isa = PBXFileReference; explicitFileType = wrapper.cfbundle; includeInIndex = 0; path = ApplePieTests.xctest; sourceTree = BUILT_PRODUCTS_DIR; };
		3637C682208EC1B10002B703 /* ApplePieTests.swift */ = {isa = PBXFileReference; lastKnownFileType = sourcecode.swift; path = ApplePieTests.swift; sourceTree = "<group>"; };
		3637C684208EC1B10002B703 /* Info.plist */ = {isa = PBXFileReference; lastKnownFileType = text.plist.xml; path = Info.plist; sourceTree = "<group>"; };
		3637C689208EC1B10002B703 /* ApplePieUITests.xctest */ = {isa = PBXFileReference; explicitFileType = wrapper.cfbundle; includeInIndex = 0; path = ApplePieUITests.xctest; sourceTree = BUILT_PRODUCTS_DIR; };
		3637C68D208EC1B10002B703 /* ApplePieUITests.swift */ = {isa = PBXFileReference; lastKnownFileType = sourcecode.swift; path = ApplePieUITests.swift; sourceTree = "<group>"; };
		3637C68F208EC1B10002B703 /* Info.plist */ = {isa = PBXFileReference; lastKnownFileType = text.plist.xml; path = Info.plist; sourceTree = "<group>"; };
		3637C69D208EC33F0002B703 /* Tree 0.png */ = {isa = PBXFileReference; lastKnownFileType = image.png; path = "Tree 0.png"; sourceTree = "<group>"; };
		3637C69F208EC4E10002B703 /* Tree 3.png */ = {isa = PBXFileReference; lastKnownFileType = image.png; name = "Tree 3.png"; path = "ApplePie/Assets.xcassets/Tree 3.png"; sourceTree = "<group>"; };
		3637C6A0208EC4E10002B703 /* Tree 7.png */ = {isa = PBXFileReference; lastKnownFileType = image.png; name = "Tree 7.png"; path = "ApplePie/Assets.xcassets/Tree 7.png"; sourceTree = "<group>"; };
		3637C6A1208EC4E10002B703 /* Tree 6.png */ = {isa = PBXFileReference; lastKnownFileType = image.png; name = "Tree 6.png"; path = "ApplePie/Assets.xcassets/Tree 6.png"; sourceTree = "<group>"; };
		3637C6A2208EC4E20002B703 /* Tree 4.png */ = {isa = PBXFileReference; lastKnownFileType = image.png; name = "Tree 4.png"; path = "ApplePie/Assets.xcassets/Tree 4.png"; sourceTree = "<group>"; };
		3637C6A3208EC4E20002B703 /* Tree 2.png */ = {isa = PBXFileReference; lastKnownFileType = image.png; name = "Tree 2.png"; path = "ApplePie/Assets.xcassets/Tree 2.png"; sourceTree = "<group>"; };
		3637C6A4208EC4E20002B703 /* Tree 5.png */ = {isa = PBXFileReference; lastKnownFileType = image.png; name = "Tree 5.png"; path = "ApplePie/Assets.xcassets/Tree 5.png"; sourceTree = "<group>"; };
		3637C6A5208EC4E30002B703 /* Tree 1.png */ = {isa = PBXFileReference; lastKnownFileType = image.png; name = "Tree 1.png"; path = "ApplePie/Assets.xcassets/Tree 1.png"; sourceTree = "<group>"; };
		3637C6AD208EE7BC0002B703 /* Game.swift */ = {isa = PBXFileReference; lastKnownFileType = sourcecode.swift; path = Game.swift; sourceTree = "<group>"; };
/* End PBXFileReference section */

/* Begin PBXFrameworksBuildPhase section */
		3637C667208EC1AE0002B703 /* Frameworks */ = {
			isa = PBXFrameworksBuildPhase;
			buildActionMask = 2147483647;
			files = (
			);
			runOnlyForDeploymentPostprocessing = 0;
		};
		3637C67B208EC1B10002B703 /* Frameworks */ = {
			isa = PBXFrameworksBuildPhase;
			buildActionMask = 2147483647;
			files = (
			);
			runOnlyForDeploymentPostprocessing = 0;
		};
		3637C686208EC1B10002B703 /* Frameworks */ = {
			isa = PBXFrameworksBuildPhase;
			buildActionMask = 2147483647;
			files = (
			);
			runOnlyForDeploymentPostprocessing = 0;
		};
/* End PBXFrameworksBuildPhase section */

/* Begin PBXGroup section */
		3637C661208EC1AE0002B703 = {
			isa = PBXGroup;
			children = (
				3637C66C208EC1AE0002B703 /* ApplePie */,
				3637C681208EC1B10002B703 /* ApplePieTests */,
				3637C68C208EC1B10002B703 /* ApplePieUITests */,
				3637C66B208EC1AE0002B703 /* Products */,
				3637C69D208EC33F0002B703 /* Tree 0.png */,
				3637C6A5208EC4E30002B703 /* Tree 1.png */,
				3637C6A3208EC4E20002B703 /* Tree 2.png */,
				3637C69F208EC4E10002B703 /* Tree 3.png */,
				3637C6A2208EC4E20002B703 /* Tree 4.png */,
				3637C6A4208EC4E20002B703 /* Tree 5.png */,
				3637C6A1208EC4E10002B703 /* Tree 6.png */,
				3637C6A0208EC4E10002B703 /* Tree 7.png */,
			);
			sourceTree = "<group>";
		};
		3637C66B208EC1AE0002B703 /* Products */ = {
			isa = PBXGroup;
			children = (
				3637C66A208EC1AE0002B703 /* ApplePie.app */,
				3637C67E208EC1B10002B703 /* ApplePieTests.xctest */,
				3637C689208EC1B10002B703 /* ApplePieUITests.xctest */,
			);
			name = Products;
			sourceTree = "<group>";
		};
		3637C66C208EC1AE0002B703 /* ApplePie */ = {
			isa = PBXGroup;
			children = (
				3637C66D208EC1AE0002B703 /* AppDelegate.swift */,
				3637C66F208EC1AE0002B703 /* ViewController.swift */,
				3637C671208EC1AE0002B703 /* Main.storyboard */,
				3637C6AD208EE7BC0002B703 /* Game.swift */,
				3637C674208EC1B00002B703 /* Assets.xcassets */,
				3637C676208EC1B00002B703 /* LaunchScreen.storyboard */,
				3637C679208EC1B00002B703 /* Info.plist */,
			);
			path = ApplePie;
			sourceTree = "<group>";
		};
		3637C681208EC1B10002B703 /* ApplePieTests */ = {
			isa = PBXGroup;
			children = (
				3637C682208EC1B10002B703 /* ApplePieTests.swift */,
				3637C684208EC1B10002B703 /* Info.plist */,
			);
			path = ApplePieTests;
			sourceTree = "<group>";
		};
		3637C68C208EC1B10002B703 /* ApplePieUITests */ = {
			isa = PBXGroup;
			children = (
				3637C68D208EC1B10002B703 /* ApplePieUITests.swift */,
				3637C68F208EC1B10002B703 /* Info.plist */,
			);
			path = ApplePieUITests;
			sourceTree = "<group>";
		};
/* End PBXGroup section */

/* Begin PBXNativeTarget section */
		3637C669208EC1AE0002B703 /* ApplePie */ = {
			isa = PBXNativeTarget;
			buildConfigurationList = 3637C692208EC1B10002B703 /* Build configuration list for PBXNativeTarget "ApplePie" */;
			buildPhases = (
				3637C666208EC1AE0002B703 /* Sources */,
				3637C667208EC1AE0002B703 /* Frameworks */,
				3637C668208EC1AE0002B703 /* Resources */,
			);
			buildRules = (
			);
			dependencies = (
			);
			name = ApplePie;
			productName = ApplePie;
			productReference = 3637C66A208EC1AE0002B703 /* ApplePie.app */;
			productType = "com.apple.product-type.application";
		};
		3637C67D208EC1B10002B703 /* ApplePieTests */ = {
			isa = PBXNativeTarget;
			buildConfigurationList = 3637C695208EC1B10002B703 /* Build configuration list for PBXNativeTarget "ApplePieTests" */;
			buildPhases = (
				3637C67A208EC1B10002B703 /* Sources */,
				3637C67B208EC1B10002B703 /* Frameworks */,
				3637C67C208EC1B10002B703 /* Resources */,
			);
			buildRules = (
			);
			dependencies = (
				3637C680208EC1B10002B703 /* PBXTargetDependency */,
			);
			name = ApplePieTests;
			productName = ApplePieTests;
			productReference = 3637C67E208EC1B10002B703 /* ApplePieTests.xctest */;
			productType = "com.apple.product-type.bundle.unit-test";
		};
		3637C688208EC1B10002B703 /* ApplePieUITests */ = {
			isa = PBXNativeTarget;
			buildConfigurationList = 3637C698208EC1B10002B703 /* Build configuration list for PBXNativeTarget "ApplePieUITests" */;
			buildPhases = (
				3637C685208EC1B10002B703 /* Sources */,
				3637C686208EC1B10002B703 /* Frameworks */,
				3637C687208EC1B10002B703 /* Resources */,
			);
			buildRules = (
			);
			dependencies = (
				3637C68B208EC1B10002B703 /* PBXTargetDependency */,
			);
			name = ApplePieUITests;
			productName = ApplePieUITests;
			productReference = 3637C689208EC1B10002B703 /* ApplePieUITests.xctest */;
			productType = "com.apple.product-type.bundle.ui-testing";
		};
/* End PBXNativeTarget section */

/* Begin PBXProject section */
		3637C662208EC1AE0002B703 /* Project object */ = {
			isa = PBXProject;
			attributes = {
				LastSwiftUpdateCheck = 0930;
				LastUpgradeCheck = 0930;
				ORGANIZATIONNAME = Edwardchen;
				TargetAttributes = {
					3637C669208EC1AE0002B703 = {
						CreatedOnToolsVersion = 9.3;
					};
					3637C67D208EC1B10002B703 = {
						CreatedOnToolsVersion = 9.3;
						TestTargetID = 3637C669208EC1AE0002B703;
					};
					3637C688208EC1B10002B703 = {
						CreatedOnToolsVersion = 9.3;
						TestTargetID = 3637C669208EC1AE0002B703;
					};
				};
			};
			buildConfigurationList = 3637C665208EC1AE0002B703 /* Build configuration list for PBXProject "ApplePie" */;
			compatibilityVersion = "Xcode 9.3";
			developmentRegion = en;
			hasScannedForEncodings = 0;
			knownRegions = (
				en,
				Base,
			);
			mainGroup = 3637C661208EC1AE0002B703;
			productRefGroup = 3637C66B208EC1AE0002B703 /* Products */;
			projectDirPath = "";
			projectRoot = "";
			targets = (
				3637C669208EC1AE0002B703 /* ApplePie */,
				3637C67D208EC1B10002B703 /* ApplePieTests */,
				3637C688208EC1B10002B703 /* ApplePieUITests */,
			);
		};
/* End PBXProject section */

/* Begin PBXResourcesBuildPhase section */
		3637C668208EC1AE0002B703 /* Resources */ = {
			isa = PBXResourcesBuildPhase;
			buildActionMask = 2147483647;
			files = (
				3637C6AB208EC4E30002B703 /* Tree 5.png in Resources */,
				3637C6A6208EC4E30002B703 /* Tree 3.png in Resources */,
				3637C6A9208EC4E30002B703 /* Tree 4.png in Resources */,
				3637C69E208EC33F0002B703 /* Tree 0.png in Resources */,
				3637C6AC208EC4E30002B703 /* Tree 1.png in Resources */,
				3637C6A7208EC4E30002B703 /* Tree 7.png in Resources */,
				3637C678208EC1B00002B703 /* LaunchScreen.storyboard in Resources */,
				3637C6A8208EC4E30002B703 /* Tree 6.png in Resources */,
				3637C675208EC1B00002B703 /* Assets.xcassets in Resources */,
				3637C6AA208EC4E30002B703 /* Tree 2.png in Resources */,
				3637C673208EC1AE0002B703 /* Main.storyboard in Resources */,
			);
			runOnlyForDeploymentPostprocessing = 0;
		};
		3637C67C208EC1B10002B703 /* Resources */ = {
			isa = PBXResourcesBuildPhase;
			buildActionMask = 2147483647;
			files = (
			);
			runOnlyForDeploymentPostprocessing = 0;
		};
		3637C687208EC1B10002B703 /* Resources */ = {
			isa = PBXResourcesBuildPhase;
			buildActionMask = 2147483647;
			files = (
			);
			runOnlyForDeploymentPostprocessing = 0;
		};
/* End PBXResourcesBuildPhase section */

/* Begin PBXSourcesBuildPhase section */
		3637C666208EC1AE0002B703 /* Sources */ = {
			isa = PBXSourcesBuildPhase;
			buildActionMask = 2147483647;
			files = (
				3637C670208EC1AE0002B703 /* ViewController.swift in Sources */,
				3637C6AE208EE7BC0002B703 /* Game.swift in Sources */,
				3637C66E208EC1AE0002B703 /* AppDelegate.swift in Sources */,
			);
			runOnlyForDeploymentPostprocessing = 0;
		};
		3637C67A208EC1B10002B703 /* Sources */ = {
			isa = PBXSourcesBuildPhase;
			buildActionMask = 2147483647;
			files = (
				3637C683208EC1B10002B703 /* ApplePieTests.swift in Sources */,
			);
			runOnlyForDeploymentPostprocessing = 0;
		};
		3637C685208EC1B10002B703 /* Sources */ = {
			isa = PBXSourcesBuildPhase;
			buildActionMask = 2147483647;
			files = (
				3637C68E208EC1B10002B703 /* ApplePieUITests.swift in Sources */,
			);
			runOnlyForDeploymentPostprocessing = 0;
		};
/* End PBXSourcesBuildPhase section */

/* Begin PBXTargetDependency section */
		3637C680208EC1B10002B703 /* PBXTargetDependency */ = {
			isa = PBXTargetDependency;
			target = 3637C669208EC1AE0002B703 /* ApplePie */;
			targetProxy = 3637C67F208EC1B10002B703 /* PBXContainerItemProxy */;
		};
		3637C68B208EC1B10002B703 /* PBXTargetDependency */ = {
			isa = PBXTargetDependency;
			target = 3637C669208EC1AE0002B703 /* ApplePie */;
			targetProxy = 3637C68A208EC1B10002B703 /* PBXContainerItemProxy */;
		};
/* End PBXTargetDependency section */

/* Begin PBXVariantGroup section */
		3637C671208EC1AE0002B703 /* Main.storyboard */ = {
			isa = PBXVariantGroup;
			children = (
				3637C672208EC1AE0002B703 /* Base */,
			);
			name = Main.storyboard;
			sourceTree = "<group>";
		};
		3637C676208EC1B00002B703 /* LaunchScreen.storyboard */ = {
			isa = PBXVariantGroup;
			children = (
				3637C677208EC1B00002B703 /* Base */,
			);
			name = LaunchScreen.storyboard;
			sourceTree = "<group>";
		};
/* End PBXVariantGroup section */

/* Begin XCBuildConfiguration section */
		3637C690208EC1B10002B703 /* Debug */ = {
			isa = XCBuildConfiguration;
			buildSettings = {
				ALWAYS_SEARCH_USER_PATHS = NO;
				CLANG_ANALYZER_NONNULL = YES;
				CLANG_ANALYZER_NUMBER_OBJECT_CONVERSION = YES_AGGRESSIVE;
				CLANG_CXX_LANGUAGE_STANDARD = "gnu++14";
				CLANG_CXX_LIBRARY = "libc++";
				CLANG_ENABLE_MODULES = YES;
				CLANG_ENABLE_OBJC_ARC = YES;
				CLANG_ENABLE_OBJC_WEAK = YES;
				CLANG_WARN_BLOCK_CAPTURE_AUTORELEASING = YES;
				CLANG_WARN_BOOL_CONVERSION = YES;
				CLANG_WARN_COMMA = YES;
				CLANG_WARN_CONSTANT_CONVERSION = YES;
				CLANG_WARN_DEPRECATED_OBJC_IMPLEMENTATIONS = YES;
				CLANG_WARN_DIRECT_OBJC_ISA_USAGE = YES_ERROR;
				CLANG_WARN_DOCUMENTATION_COMMENTS = YES;
				CLANG_WARN_EMPTY_BODY = YES;
				CLANG_WARN_ENUM_CONVERSION = YES;
				CLANG_WARN_INFINITE_RECURSION = YES;
				CLANG_WARN_INT_CONVERSION = YES;
				CLANG_WARN_NON_LITERAL_NULL_CONVERSION = YES;
				CLANG_WARN_OBJC_IMPLICIT_RETAIN_SELF = YES;
				CLANG_WARN_OBJC_LITERAL_CONVERSION = YES;
				CLANG_WARN_OBJC_ROOT_CLASS = YES_ERROR;
				CLANG_WARN_RANGE_LOOP_ANALYSIS = YES;
				CLANG_WARN_STRICT_PROTOTYPES = YES;
				CLANG_WARN_SUSPICIOUS_MOVE = YES;
				CLANG_WARN_UNGUARDED_AVAILABILITY = YES_AGGRESSIVE;
				CLANG_WARN_UNREACHABLE_CODE = YES;
				CLANG_WARN__DUPLICATE_METHOD_MATCH = YES;
				CODE_SIGN_IDENTITY = "iPhone Developer";
				COPY_PHASE_STRIP = NO;
				DEBUG_INFORMATION_FORMAT = dwarf;
				ENABLE_STRICT_OBJC_MSGSEND = YES;
				ENABLE_TESTABILITY = YES;
				GCC_C_LANGUAGE_STANDARD = gnu11;
				GCC_DYNAMIC_NO_PIC = NO;
				GCC_NO_COMMON_BLOCKS = YES;
				GCC_OPTIMIZATION_LEVEL = 0;
				GCC_PREPROCESSOR_DEFINITIONS = (
					"DEBUG=1",
					"$(inherited)",
				);
				GCC_WARN_64_TO_32_BIT_CONVERSION = YES;
				GCC_WARN_ABOUT_RETURN_TYPE = YES_ERROR;
				GCC_WARN_UNDECLARED_SELECTOR = YES;
				GCC_WARN_UNINITIALIZED_AUTOS = YES_AGGRESSIVE;
				GCC_WARN_UNUSED_FUNCTION = YES;
				GCC_WARN_UNUSED_VARIABLE = YES;
				IPHONEOS_DEPLOYMENT_TARGET = 11.3;
				MTL_ENABLE_DEBUG_INFO = YES;
				ONLY_ACTIVE_ARCH = YES;
				SDKROOT = iphoneos;
				SWIFT_ACTIVE_COMPILATION_CONDITIONS = DEBUG;
				SWIFT_OPTIMIZATION_LEVEL = "-Onone";
			};
			name = Debug;
		};
		3637C691208EC1B10002B703 /* Release */ = {
			isa = XCBuildConfiguration;
			buildSettings = {
				ALWAYS_SEARCH_USER_PATHS = NO;
				CLANG_ANALYZER_NONNULL = YES;
				CLANG_ANALYZER_NUMBER_OBJECT_CONVERSION = YES_AGGRESSIVE;
				CLANG_CXX_LANGUAGE_STANDARD = "gnu++14";
				CLANG_CXX_LIBRARY = "libc++";
				CLANG_ENABLE_MODULES = YES;
				CLANG_ENABLE_OBJC_ARC = YES;
				CLANG_ENABLE_OBJC_WEAK = YES;
				CLANG_WARN_BLOCK_CAPTURE_AUTORELEASING = YES;
				CLANG_WARN_BOOL_CONVERSION = YES;
				CLANG_WARN_COMMA = YES;
				CLANG_WARN_CONSTANT_CONVERSION = YES;
				CLANG_WARN_DEPRECATED_OBJC_IMPLEMENTATIONS = YES;
				CLANG_WARN_DIRECT_OBJC_ISA_USAGE = YES_ERROR;
				CLANG_WARN_DOCUMENTATION_COMMENTS = YES;
				CLANG_WARN_EMPTY_BODY = YES;
				CLANG_WARN_ENUM_CONVERSION = YES;
				CLANG_WARN_INFINITE_RECURSION = YES;
				CLANG_WARN_INT_CONVERSION = YES;
				CLANG_WARN_NON_LITERAL_NULL_CONVERSION = YES;
				CLANG_WARN_OBJC_IMPLICIT_RETAIN_SELF = YES;
				CLANG_WARN_OBJC_LITERAL_CONVERSION = YES;
				CLANG_WARN_OBJC_ROOT_CLASS = YES_ERROR;
				CLANG_WARN_RANGE_LOOP_ANALYSIS = YES;
				CLANG_WARN_STRICT_PROTOTYPES = YES;
				CLANG_WARN_SUSPICIOUS_MOVE = YES;
				CLANG_WARN_UNGUARDED_AVAILABILITY = YES_AGGRESSIVE;
				CLANG_WARN_UNREACHABLE_CODE = YES;
				CLANG_WARN__DUPLICATE_METHOD_MATCH = YES;
				CODE_SIGN_IDENTITY = "iPhone Developer";
				COPY_PHASE_STRIP = NO;
				DEBUG_INFORMATION_FORMAT = "dwarf-with-dsym";
				ENABLE_NS_ASSERTIONS = NO;
				ENABLE_STRICT_OBJC_MSGSEND = YES;
				GCC_C_LANGUAGE_STANDARD = gnu11;
				GCC_NO_COMMON_BLOCKS = YES;
				GCC_WARN_64_TO_32_BIT_CONVERSION = YES;
				GCC_WARN_ABOUT_RETURN_TYPE = YES_ERROR;
				GCC_WARN_UNDECLARED_SELECTOR = YES;
				GCC_WARN_UNINITIALIZED_AUTOS = YES_AGGRESSIVE;
				GCC_WARN_UNUSED_FUNCTION = YES;
				GCC_WARN_UNUSED_VARIABLE = YES;
				IPHONEOS_DEPLOYMENT_TARGET = 11.3;
				MTL_ENABLE_DEBUG_INFO = NO;
				SDKROOT = iphoneos;
				SWIFT_COMPILATION_MODE = wholemodule;
				SWIFT_OPTIMIZATION_LEVEL = "-O";
				VALIDATE_PRODUCT = YES;
			};
			name = Release;
		};
		3637C693208EC1B10002B703 /* Debug */ = {
			isa = XCBuildConfiguration;
			buildSettings = {
				ASSETCATALOG_COMPILER_APPICON_NAME = AppIcon;
				CODE_SIGN_STYLE = Automatic;
				INFOPLIST_FILE = ApplePie/Info.plist;
				LD_RUNPATH_SEARCH_PATHS = (
					"$(inherited)",
					"@executable_path/Frameworks",
				);
				PRODUCT_BUNDLE_IDENTIFIER = com.Pretendco.ApplePie;
				PRODUCT_NAME = "$(TARGET_NAME)";
				SWIFT_VERSION = 4.0;
				TARGETED_DEVICE_FAMILY = 2;
			};
			name = Debug;
		};
		3637C694208EC1B10002B703 /* Release */ = {
			isa = XCBuildConfiguration;
			buildSettings = {
				ASSETCATALOG_COMPILER_APPICON_NAME = AppIcon;
				CODE_SIGN_STYLE = Automatic;
				INFOPLIST_FILE = ApplePie/Info.plist;
				LD_RUNPATH_SEARCH_PATHS = (
					"$(inherited)",
					"@executable_path/Frameworks",
				);
				PRODUCT_BUNDLE_IDENTIFIER = com.Pretendco.ApplePie;
				PRODUCT_NAME = "$(TARGET_NAME)";
				SWIFT_VERSION = 4.0;
				TARGETED_DEVICE_FAMILY = 2;
			};
			name = Release;
		};
		3637C696208EC1B10002B703 /* Debug */ = {
			isa = XCBuildConfiguration;
			buildSettings = {
				ALWAYS_EMBED_SWIFT_STANDARD_LIBRARIES = YES;
				BUNDLE_LOADER = "$(TEST_HOST)";
				CODE_SIGN_STYLE = Automatic;
				INFOPLIST_FILE = ApplePieTests/Info.plist;
				LD_RUNPATH_SEARCH_PATHS = (
					"$(inherited)",
					"@executable_path/Frameworks",
					"@loader_path/Frameworks",
				);
				PRODUCT_BUNDLE_IDENTIFIER = com.Pretendco.ApplePieTests;
				PRODUCT_NAME = "$(TARGET_NAME)";
				SWIFT_VERSION = 4.0;
				TARGETED_DEVICE_FAMILY = "1,2";
				TEST_HOST = "$(BUILT_PRODUCTS_DIR)/ApplePie.app/ApplePie";
			};
			name = Debug;
		};
		3637C697208EC1B10002B703 /* Release */ = {
			isa = XCBuildConfiguration;
			buildSettings = {
				ALWAYS_EMBED_SWIFT_STANDARD_LIBRARIES = YES;
				BUNDLE_LOADER = "$(TEST_HOST)";
				CODE_SIGN_STYLE = Automatic;
				INFOPLIST_FILE = ApplePieTests/Info.plist;
				LD_RUNPATH_SEARCH_PATHS = (
					"$(inherited)",
					"@executable_path/Frameworks",
					"@loader_path/Frameworks",
				);
				PRODUCT_BUNDLE_IDENTIFIER = com.Pretendco.ApplePieTests;
				PRODUCT_NAME = "$(TARGET_NAME)";
				SWIFT_VERSION = 4.0;
				TARGETED_DEVICE_FAMILY = "1,2";
				TEST_HOST = "$(BUILT_PRODUCTS_DIR)/ApplePie.app/ApplePie";
			};
			name = Release;
		};
		3637C699208EC1B10002B703 /* Debug */ = {
			isa = XCBuildConfiguration;
			buildSettings = {
				ALWAYS_EMBED_SWIFT_STANDARD_LIBRARIES = YES;
				CODE_SIGN_STYLE = Automatic;
				INFOPLIST_FILE = ApplePieUITests/Info.plist;
				LD_RUNPATH_SEARCH_PATHS = (
					"$(inherited)",
					"@executable_path/Frameworks",
					"@loader_path/Frameworks",
				);
				PRODUCT_BUNDLE_IDENTIFIER = com.Pretendco.ApplePieUITests;
				PRODUCT_NAME = "$(TARGET_NAME)";
				SWIFT_VERSION = 4.0;
				TARGETED_DEVICE_FAMILY = "1,2";
				TEST_TARGET_NAME = ApplePie;
			};
			name = Debug;
		};
		3637C69A208EC1B10002B703 /* Release */ = {
			isa = XCBuildConfiguration;
			buildSettings = {
				ALWAYS_EMBED_SWIFT_STANDARD_LIBRARIES = YES;
				CODE_SIGN_STYLE = Automatic;
				INFOPLIST_FILE = ApplePieUITests/Info.plist;
				LD_RUNPATH_SEARCH_PATHS = (
					"$(inherited)",
					"@executable_path/Frameworks",
					"@loader_path/Frameworks",
				);
				PRODUCT_BUNDLE_IDENTIFIER = com.Pretendco.ApplePieUITests;
				PRODUCT_NAME = "$(TARGET_NAME)";
				SWIFT_VERSION = 4.0;
				TARGETED_DEVICE_FAMILY = "1,2";
				TEST_TARGET_NAME = ApplePie;
			};
			name = Release;
		};
/* End XCBuildConfiguration section */

/* Begin XCConfigurationList section */
		3637C665208EC1AE0002B703 /* Build configuration list for PBXProject "ApplePie" */ = {
			isa = XCConfigurationList;
			buildConfigurations = (
				3637C690208EC1B10002B703 /* Debug */,
				3637C691208EC1B10002B703 /* Release */,
			);
			defaultConfigurationIsVisible = 0;
			defaultConfigurationName = Release;
		};
		3637C692208EC1B10002B703 /* Build configuration list for PBXNativeTarget "ApplePie" */ = {
			isa = XCConfigurationList;
			buildConfigurations = (
				3637C693208EC1B10002B703 /* Debug */,
				3637C694208EC1B10002B703 /* Release */,
			);
			defaultConfigurationIsVisible = 0;
			defaultConfigurationName = Release;
		};
		3637C695208EC1B10002B703 /* Build configuration list for PBXNativeTarget "ApplePieTests" */ = {
			isa = XCConfigurationList;
			buildConfigurations = (
				3637C696208EC1B10002B703 /* Debug */,
				3637C697208EC1B10002B703 /* Release */,
			);
			defaultConfigurationIsVisible = 0;
			defaultConfigurationName = Release;
		};
		3637C698208EC1B10002B703 /* Build configuration list for PBXNativeTarget "ApplePieUITests" */ = {
			isa = XCConfigurationList;
			buildConfigurations = (
				3637C699208EC1B10002B703 /* Debug */,
				3637C69A208EC1B10002B703 /* Release */,
			);
			defaultConfigurationIsVisible = 0;
			defaultConfigurationName = Release;
		};
/* End XCConfigurationList section */
	};
	rootObject = 3637C662208EC1AE0002B703 /* Project object */;
}
